<?xml version="1.0" encoding="UTF-8" standalone="yes" ?>
<CodeBlocks_project_file>
	<FileVersion major="1" minor="6" />
	<Project>
		<Option title="th" />
		<Option pch_mode="2" />
		<Option compiler="gcc" />
		<Build>
			<Target title="GCC Debug">
				<Option platforms="Unix;Mac;" />
				<Option output="bin/unix/Debug/th" prefix_auto="1" extension_auto="1" />
				<Option object_output="obj/unix/Debug/" />
				<Option type="1" />
				<Option compiler="gcc" />
				<Compiler>
					<Add option="-g" />
				</Compiler>
			</Target>
			<Target title="GCC Release">
				<Option platforms="Unix;Mac;" />
				<Option output="bin/unix/Release/th" prefix_auto="1" extension_auto="1" />
				<Option object_output="obj/unix/Release/" />
				<Option type="1" />
				<Option compiler="gcc" />
				<Option use_console_runner="0" />
				<Compiler>
					<Add option="-O2" />
					<Add option="-DNDEBUG=1" />
				</Compiler>
				<Linker>
					<Add option="-s" />
				</Linker>
			</Target>
			<Target title="MingW32 Debug">
				<Option platforms="Windows;" />
				<Option output="bin/mingw32/Debug/th" prefix_auto="1" extension_auto="1" />
				<Option object_output="obj/mingw32/Debug/" />
				<Option type="1" />
				<Option compiler="gcc" />
				<Compiler>
					<Add option="-m32" />
					<Add option="-g" />
					<Add option="-DENABLE_WS1=1" />
				</Compiler>
				<Linker>
					<Add option="-m32" />
					<Add library="libwsock32" />
					<Add library="Iphlpapi" />
				</Linker>
			</Target>
			<Target title="MingW32 Release">
				<Option platforms="Windows;" />
				<Option output="bin/mingw32/Release/th" prefix_auto="1" extension_auto="1" />
				<Option object_output="obj/mingw32/Release/" />
				<Option type="1" />
				<Option compiler="gcc" />
				<Option use_console_runner="0" />
				<Compiler>
					<Add option="-O2" />
					<Add option="-m32" />
					<Add option="-DNDEBUG=1" />
					<Add option="-DENABLE_WS1=1" />
				</Compiler>
				<Linker>
					<Add option="-s" />
					<Add option="-m32" />
					<Add library="libwsock32" />
					<Add library="Iphlpapi" />
				</Linker>
			</Target>
			<Target title="MingW64 Debug">
				<Option platforms="Windows;" />
				<Option output="bin/mingw64/Debug/th" prefix_auto="1" extension_auto="1" />
				<Option object_output="obj/mingw64/Debug/" />
				<Option type="1" />
				<Option compiler="gcc" />
				<Compiler>
					<Add option="-m64" />
					<Add option="-g" />
				</Compiler>
				<Linker>
					<Add option="-m64" />
					<Add library="libwsock32" />
					<Add library="Iphlpapi" />
				</Linker>
			</Target>
			<Target title="MingW64 Release">
				<Option platforms="Windows;" />
				<Option output="bin/mingw64/Release/th" prefix_auto="1" extension_auto="1" />
				<Option object_output="obj/mingw64/Release/" />
				<Option type="1" />
				<Option compiler="gcc" />
				<Option use_console_runner="0" />
				<Compiler>
					<Add option="-O2" />
					<Add option="-m64" />
					<Add option="-DNDEBUG=1" />
				</Compiler>
				<Linker>
					<Add option="-s" />
					<Add option="-m64" />
					<Add library="libwsock32" />
					<Add library="Iphlpapi" />
				</Linker>
			</Target>
			<Target title="Watcom NT Debug">
				<Option platforms="Windows;" />
				<Option output="bin/wcnt/Debug/th" prefix_auto="1" extension_auto="1" />
				<Option object_output="obj/wcnt/Debug/" />
				<Option type="1" />
				<Option compiler="ow" />
				<Option projectCompilerOptionsRelation="1" />
				<Option projectLinkerOptionsRelation="1" />
				<Compiler>
					<Add option="-bm" />
					<Add option="-w=0" />
					<Add option="-bt=nt" />
					<Add option="-bcl=nt" />
					<Add option="-3s" />
					<Add option="-3r" />
					<Add option="-cc" />
					<Add option="-dENABLE_WS1=1" />
				</Compiler>
				<Linker>
					<Add library="wsock32" />
				</Linker>
			</Target>
			<Target title="Watcom NT Release">
				<Option platforms="Windows;" />
				<Option output="bin/wcnt/Release/th" prefix_auto="1" extension_auto="1" />
				<Option object_output="obj/wcnt/Release/" />
				<Option type="1" />
				<Option compiler="ow" />
				<Option use_console_runner="0" />
				<Option projectCompilerOptionsRelation="1" />
				<Option projectLinkerOptionsRelation="1" />
				<Compiler>
					<Add option="-ox" />
					<Add option="-d0" />
					<Add option="-w=0" />
					<Add option="-bt=nt" />
					<Add option="-bcl=nt" />
					<Add option="-3s" />
					<Add option="-3r" />
					<Add option="-cc" />
					<Add option="-dNDEBUG=1" />
					<Add option="-dENABLE_WS1=1" />
				</Compiler>
				<Linker>
					<Add library="wsock32" />
				</Linker>
			</Target>
		</Build>
		<Compiler>
			<Add option="-Wall" />
			<Add option="-ansi" />
			<Add option="-Wno-unknown-pragmas" />
		</Compiler>
		<Unit filename="../src/cli/th.c">
			<Option compilerVar="CC" />
		</Unit>
		<Unit filename="../src/common/client.c">
			<Option compilerVar="CC" />
			<Option target="&lt;{~None~}&gt;" />
		</Unit>
		<Unit filename="../src/server/mltiplex/select.c">
				<Option compilerVar="CC" />
		</Unit>
		<Unit filename="../src/server/server.c">
			<Option compilerVar="CC" />
		</Unit>
		<Unit filename="../src/server/server.h" />
		<Unit filename="../src/platform/mscrtdl.c">
			<Option compilerVar="CC" />
			<Option target="MingW32 Debug" />
			<Option target="MingW32 Release" />
			<Option target="MingW64 Debug" />
			<Option target="MingW64 Release" />
			<Option target="Watcom NT Release" />
			<Option target="Watcom NT Debug" />
		</Unit>
		<Unit filename="../src/platform/mscrtdl.h">
			<Option target="MingW32 Debug" />
			<Option target="MingW32 Release" />
			<Option target="MingW64 Debug" />
			<Option target="MingW64 Release" />
			<Option target="Watcom NT Release" />
			<Option target="Watcom NT Debug" />
		</Unit>
		<Unit filename="../src/platform/platform.c">
			<Option compilerVar="CC" />
		</Unit>
		<Unit filename="../src/platform/platform.h" />
		<Unit filename="../src/platform/posix01.c">
			<Option compilerVar="CC" />
			<Option target="Unix GCC Debug" />
			<Option target="Unix GCC Release" />
		</Unit>
		<Unit filename="../src/platform/posix01.h">
			<Option target="Unix GCC Debug" />
			<Option target="Unix GCC Release" />
		</Unit>
		<Unit filename="../src/platform/winsock/wsipv6.c">
			<Option compilerVar="CC" />
			<Option target="MingW32 Debug" />
			<Option target="MingW32 Release" />
			<Option target="MingW64 Debug" />
			<Option target="MingW64 Release" />
			<Option target="Watcom NT Debug" />
			<Option target="Watcom NT Release" />
		</Unit>
		<Unit filename="../src/platform/winsock/wsipv6.h">
			<Option target="MingW32 Debug" />
			<Option target="MingW32 Release" />
			<Option target="MingW64 Debug" />
			<Option target="MingW64 Release" />
			<Option target="Watcom NT Debug" />
			<Option target="Watcom NT Release" />
		</Unit>
		<Unit filename="../src/platform/winsock/wsock1.c">
			<Option compilerVar="CC" />
			<Option target="MingW32 Debug" />
			<Option target="MingW32 Release" />
			<Option target="Watcom NT Release" />
			<Option target="Watcom NT Debug" />
		</Unit>
		<Unit filename="../src/platform/winsock/wsock1.h">
			<Option target="MingW32 Debug" />
			<Option target="MingW32 Release" />
			<Option target="Watcom NT Release" />
			<Option target="Watcom NT Debug" />
		</Unit>
		<Unit filename="../src/platform/winsock/wsock2.c">
			<Option compilerVar="CC" />
			<Option target="MingW32 Debug" />
			<Option target="MingW32 Release" />
			<Option target="MingW64 Debug" />
			<Option target="MingW64 Release" />
			<Option target="Watcom NT Debug" />
			<Option target="Watcom NT Release" />
		</Unit>
		<Unit filename="../src/platform/winsock/wsock2.h">
			<Option target="MingW32 Debug" />
			<Option target="MingW32 Release" />
			<Option target="MingW64 Debug" />
			<Option target="MingW64 Release" />
			<Option target="Watcom NT Debug" />
			<Option target="Watcom NT Release" />
		</Unit>
		<Unit filename="../src/server/event.c">
			<Option compilerVar="CC" />
		</Unit>
		<Unit filename="../src/server/event.h" />
		<Unit filename="../src/server/http.c">
			<Option compilerVar="CC" />
		</Unit>
		<Unit filename="../src/server/http.h" />
		<Unit filename="../src/server/routine.c">
			<Option compilerVar="CC" />
		</Unit>
		<Unit filename="../src/server/routine.h" />
		<Unit filename="../src/server/sockbufr.c">
			<Option compilerVar="CC" />
		</Unit>
		<Unit filename="../src/server/sockbufr.h" />
		<Extensions>
			<code_completion />
			<envvars />
			<debugger />
			<lib_finder disable_auto="1" />
		</Extensions>
	</Project>
</CodeBlocks_project_file>
